// !$*UTF8*$!
{
	archiveVersion = 1;
	classes = {
	};
	objectVersion = 46;
	objects = {

/* Begin PBXBuildFile section */
		DF2218BE1D910FF1006F4F2B /* ListPickerController.swift in Sources */ = {isa = PBXBuildFile; fileRef = DF2218BD1D910FF1006F4F2B /* ListPickerController.swift */; };
		DF2218C11D91120F006F4F2B /* IntrinsicSizedTableView.swift in Sources */ = {isa = PBXBuildFile; fileRef = DF2218C01D91120F006F4F2B /* IntrinsicSizedTableView.swift */; };
		DF2A5B801D906CE900EE49C0 /* UIStoryboard+GLUCStoryboard.swift in Sources */ = {isa = PBXBuildFile; fileRef = DF2A5B7F1D906CE900EE49C0 /* UIStoryboard+GLUCStoryboard.swift */; };
		DF2A5B821D9074E800EE49C0 /* UIViewController+StoryboardInstantiable.swift in Sources */ = {isa = PBXBuildFile; fileRef = DF2A5B811D9074E800EE49C0 /* UIViewController+StoryboardInstantiable.swift */; };
		DF2A5B841D90750C00EE49C0 /* StoryboardInstantiable.swift in Sources */ = {isa = PBXBuildFile; fileRef = DF2A5B831D90750C00EE49C0 /* StoryboardInstantiable.swift */; };
		DF317E021D81E32A004EB661 /* ArrayDataSource.swift in Sources */ = {isa = PBXBuildFile; fileRef = DF317E011D81E32A004EB661 /* ArrayDataSource.swift */; };
		DF44D2AE1D907ADA00785416 /* TextPickerController.swift in Sources */ = {isa = PBXBuildFile; fileRef = DF2A5B851D9077A700EE49C0 /* TextPickerController.swift */; };
		DF44D2B01D907BFD00785416 /* PickerController.swift in Sources */ = {isa = PBXBuildFile; fileRef = DF44D2AF1D907BFD00785416 /* PickerController.swift */; };
		DF5BD7AE1D935122006750F9 /* SettingsTableViewCell.swift in Sources */ = {isa = PBXBuildFile; fileRef = DF5BD7AD1D935122006750F9 /* SettingsTableViewCell.swift */; };
		DF604C891D7F674B00F97F0C /* GlucoseRange.swift in Sources */ = {isa = PBXBuildFile; fileRef = DF604C881D7F674B00F97F0C /* GlucoseRange.swift */; };
		DF6AC63B1D64C1A100C78A4D /* L10n.swift in Sources */ = {isa = PBXBuildFile; fileRef = DF6AC63A1D64C1A100C78A4D /* L10n.swift */; };
		DF6AC63F1D64C48D00C78A4D /* String+Localization.swift in Sources */ = {isa = PBXBuildFile; fileRef = DF6AC63E1D64C48D00C78A4D /* String+Localization.swift */; };
		DF6AC6411D64D51500C78A4D /* User.swift in Sources */ = {isa = PBXBuildFile; fileRef = DF6AC6401D64D51500C78A4D /* User.swift */; };
		DF6AC6431D64D82D00C78A4D /* UnitOfMeasures.swift in Sources */ = {isa = PBXBuildFile; fileRef = DF6AC6421D64D82D00C78A4D /* UnitOfMeasures.swift */; };
		DF6AC64B1D64F4AB00C78A4D /* PersistenceController.swift in Sources */ = {isa = PBXBuildFile; fileRef = DF6AC64A1D64F4AB00C78A4D /* PersistenceController.swift */; };
		DF6C3A211D86D924003372EB /* GLUCBarButtonItem.swift in Sources */ = {isa = PBXBuildFile; fileRef = DF6C3A201D86D924003372EB /* GLUCBarButtonItem.swift */; };
		DF732EC51C6F9FEF00814635 /* Main.storyboard in Resources */ = {isa = PBXBuildFile; fileRef = DF732EC31C6F9FEF00814635 /* Main.storyboard */; };
		DF732EC71C6F9FEF00814635 /* Assets.xcassets in Resources */ = {isa = PBXBuildFile; fileRef = DF732EC61C6F9FEF00814635 /* Assets.xcassets */; };
		DF732ECA1C6F9FEF00814635 /* LaunchScreen.storyboard in Resources */ = {isa = PBXBuildFile; fileRef = DF732EC81C6F9FEF00814635 /* LaunchScreen.storyboard */; };
		DF732ED51C6F9FEF00814635 /* glucosioTests.swift in Sources */ = {isa = PBXBuildFile; fileRef = DF732ED41C6F9FEF00814635 /* glucosioTests.swift */; };
		DFEBDC971D89C13A00500435 /* PopupTransitionManager.swift in Sources */ = {isa = PBXBuildFile; fileRef = DFEBDC951D89C13A00500435 /* PopupTransitionManager.swift */; };
		DFEBDC981D89C13A00500435 /* PopupPresentationController.swift in Sources */ = {isa = PBXBuildFile; fileRef = DFEBDC961D89C13A00500435 /* PopupPresentationController.swift */; };
		DFF4C19C1D64759700B472CD /* AppearanceController.swift in Sources */ = {isa = PBXBuildFile; fileRef = DFF4C18B1D64759700B472CD /* AppearanceController.swift */; };
		DFF4C19D1D64759700B472CD /* AppDelegate.swift in Sources */ = {isa = PBXBuildFile; fileRef = DFF4C18D1D64759700B472CD /* AppDelegate.swift */; };
		DFF4C19E1D64759700B472CD /* Model.xcdatamodeld in Sources */ = {isa = PBXBuildFile; fileRef = DFF4C18F1D64759700B472CD /* Model.xcdatamodeld */; };
		DFF4C19F1D64759700B472CD /* AppereanceConstants.swift in Sources */ = {isa = PBXBuildFile; fileRef = DFF4C1931D64759700B472CD /* AppereanceConstants.swift */; };
		DFF4C1A01D64759700B472CD /* UIColor+Hex.swift in Sources */ = {isa = PBXBuildFile; fileRef = DFF4C1951D64759700B472CD /* UIColor+Hex.swift */; };
		DFF4C1A11D64759700B472CD /* UIImage+ImageAsset.swift in Sources */ = {isa = PBXBuildFile; fileRef = DFF4C1961D64759700B472CD /* UIImage+ImageAsset.swift */; };
		DFF4C1A21D64759700B472CD /* With.swift in Sources */ = {isa = PBXBuildFile; fileRef = DFF4C1971D64759700B472CD /* With.swift */; };
		DFF4C1A31D64759700B472CD /* OverviewViewController.swift in Sources */ = {isa = PBXBuildFile; fileRef = DFF4C1991D64759700B472CD /* OverviewViewController.swift */; };
		DFF4C1A41D64759700B472CD /* TabBarController.swift in Sources */ = {isa = PBXBuildFile; fileRef = DFF4C19A1D64759700B472CD /* TabBarController.swift */; };
		DFF4C1A51D64759700B472CD /* SettingsViewController.swift in Sources */ = {isa = PBXBuildFile; fileRef = DFF4C19B1D64759700B472CD /* SettingsViewController.swift */; };
		DFF4C1AA1D6475A700B472CD /* Debug.xcconfig in Resources */ = {isa = PBXBuildFile; fileRef = DFF4C1A71D6475A700B472CD /* Debug.xcconfig */; };
		DFF4C1AB1D6475A700B472CD /* Release.xcconfig in Resources */ = {isa = PBXBuildFile; fileRef = DFF4C1A81D6475A700B472CD /* Release.xcconfig */; };
		DFF4C1AC1D6475A700B472CD /* Testing.xcconfig in Resources */ = {isa = PBXBuildFile; fileRef = DFF4C1A91D6475A700B472CD /* Testing.xcconfig */; };
		DFF4C1B51D64763500B472CD /* lato-bold.ttf in Resources */ = {isa = PBXBuildFile; fileRef = DFF4C1B31D64763500B472CD /* lato-bold.ttf */; };
		DFF4C1B61D64763500B472CD /* lato.ttf in Resources */ = {isa = PBXBuildFile; fileRef = DFF4C1B41D64763500B472CD /* lato.ttf */; };
		DFF4C1B71D64790100B472CD /* Localizable.strings in Resources */ = {isa = PBXBuildFile; fileRef = DFF4C1B91D64790100B472CD /* Localizable.strings */; };
/* End PBXBuildFile section */

/* Begin PBXContainerItemProxy section */
		DF732ED11C6F9FEF00814635 /* PBXContainerItemProxy */ = {
			isa = PBXContainerItemProxy;
			containerPortal = DF732EB41C6F9FEF00814635 /* Project object */;
			proxyType = 1;
			remoteGlobalIDString = DF732EBB1C6F9FEF00814635;
			remoteInfo = glucosio;
		};
/* End PBXContainerItemProxy section */

/* Begin PBXCopyFilesBuildPhase section */
		DF0580F71C6FC90B0098A7E0 /* Embed Frameworks */ = {
			isa = PBXCopyFilesBuildPhase;
			buildActionMask = 2147483647;
			dstPath = "";
			dstSubfolderSpec = 10;
			files = (
			);
			name = "Embed Frameworks";
			runOnlyForDeploymentPostprocessing = 0;
		};
/* End PBXCopyFilesBuildPhase section */

/* Begin PBXFileReference section */
		DF2218BD1D910FF1006F4F2B /* ListPickerController.swift */ = {isa = PBXFileReference; fileEncoding = 4; lastKnownFileType = sourcecode.swift; path = ListPickerController.swift; sourceTree = "<group>"; };
		DF2218C01D91120F006F4F2B /* IntrinsicSizedTableView.swift */ = {isa = PBXFileReference; fileEncoding = 4; lastKnownFileType = sourcecode.swift; path = IntrinsicSizedTableView.swift; sourceTree = "<group>"; };
		DF2A5B7F1D906CE900EE49C0 /* UIStoryboard+GLUCStoryboard.swift */ = {isa = PBXFileReference; fileEncoding = 4; lastKnownFileType = sourcecode.swift; path = "UIStoryboard+GLUCStoryboard.swift"; sourceTree = "<group>"; };
		DF2A5B811D9074E800EE49C0 /* UIViewController+StoryboardInstantiable.swift */ = {isa = PBXFileReference; fileEncoding = 4; lastKnownFileType = sourcecode.swift; path = "UIViewController+StoryboardInstantiable.swift"; sourceTree = "<group>"; };
		DF2A5B831D90750C00EE49C0 /* StoryboardInstantiable.swift */ = {isa = PBXFileReference; fileEncoding = 4; lastKnownFileType = sourcecode.swift; path = StoryboardInstantiable.swift; sourceTree = "<group>"; };
		DF2A5B851D9077A700EE49C0 /* TextPickerController.swift */ = {isa = PBXFileReference; fileEncoding = 4; lastKnownFileType = sourcecode.swift; path = TextPickerController.swift; sourceTree = "<group>"; };
		DF317E011D81E32A004EB661 /* ArrayDataSource.swift */ = {isa = PBXFileReference; fileEncoding = 4; lastKnownFileType = sourcecode.swift; path = ArrayDataSource.swift; sourceTree = "<group>"; };
		DF44D2AF1D907BFD00785416 /* PickerController.swift */ = {isa = PBXFileReference; fileEncoding = 4; lastKnownFileType = sourcecode.swift; path = PickerController.swift; sourceTree = "<group>"; };
		DF5BD7AD1D935122006750F9 /* SettingsTableViewCell.swift */ = {isa = PBXFileReference; fileEncoding = 4; lastKnownFileType = sourcecode.swift; path = SettingsTableViewCell.swift; sourceTree = "<group>"; };
		DF604C881D7F674B00F97F0C /* GlucoseRange.swift */ = {isa = PBXFileReference; fileEncoding = 4; lastKnownFileType = sourcecode.swift; path = GlucoseRange.swift; sourceTree = "<group>"; };
		DF6AC6241D64B6AF00C78A4D /* genlocs.swift */ = {isa = PBXFileReference; fileEncoding = 4; lastKnownFileType = sourcecode.swift; path = genlocs.swift; sourceTree = "<group>"; };
		DF6AC63A1D64C1A100C78A4D /* L10n.swift */ = {isa = PBXFileReference; fileEncoding = 4; lastKnownFileType = sourcecode.swift; path = L10n.swift; sourceTree = "<group>"; };
		DF6AC63E1D64C48D00C78A4D /* String+Localization.swift */ = {isa = PBXFileReference; fileEncoding = 4; lastKnownFileType = sourcecode.swift; path = "String+Localization.swift"; sourceTree = "<group>"; };
		DF6AC6401D64D51500C78A4D /* User.swift */ = {isa = PBXFileReference; fileEncoding = 4; lastKnownFileType = sourcecode.swift; path = User.swift; sourceTree = "<group>"; };
		DF6AC6421D64D82D00C78A4D /* UnitOfMeasures.swift */ = {isa = PBXFileReference; fileEncoding = 4; lastKnownFileType = sourcecode.swift; path = UnitOfMeasures.swift; sourceTree = "<group>"; };
		DF6AC64A1D64F4AB00C78A4D /* PersistenceController.swift */ = {isa = PBXFileReference; fileEncoding = 4; lastKnownFileType = sourcecode.swift; path = PersistenceController.swift; sourceTree = "<group>"; };
		DF6C3A201D86D924003372EB /* GLUCBarButtonItem.swift */ = {isa = PBXFileReference; fileEncoding = 4; lastKnownFileType = sourcecode.swift; path = GLUCBarButtonItem.swift; sourceTree = "<group>"; };
		DF732EBC1C6F9FEF00814635 /* glucosio.app */ = {isa = PBXFileReference; explicitFileType = wrapper.application; includeInIndex = 0; path = glucosio.app; sourceTree = BUILT_PRODUCTS_DIR; };
		DF732EC41C6F9FEF00814635 /* Base */ = {isa = PBXFileReference; lastKnownFileType = file.storyboard; name = Base; path = Base.lproj/Main.storyboard; sourceTree = "<group>"; };
		DF732EC61C6F9FEF00814635 /* Assets.xcassets */ = {isa = PBXFileReference; lastKnownFileType = folder.assetcatalog; path = Assets.xcassets; sourceTree = "<group>"; };
		DF732EC91C6F9FEF00814635 /* Base */ = {isa = PBXFileReference; lastKnownFileType = file.storyboard; name = Base; path = Base.lproj/LaunchScreen.storyboard; sourceTree = "<group>"; };
		DF732ECB1C6F9FEF00814635 /* Info.plist */ = {isa = PBXFileReference; lastKnownFileType = text.plist.xml; path = Info.plist; sourceTree = "<group>"; };
		DF732ED01C6F9FEF00814635 /* glucosioTests.xctest */ = {isa = PBXFileReference; explicitFileType = wrapper.cfbundle; includeInIndex = 0; path = glucosioTests.xctest; sourceTree = BUILT_PRODUCTS_DIR; };
		DF732ED41C6F9FEF00814635 /* glucosioTests.swift */ = {isa = PBXFileReference; lastKnownFileType = sourcecode.swift; path = glucosioTests.swift; sourceTree = "<group>"; };
		DF732ED61C6F9FEF00814635 /* Info.plist */ = {isa = PBXFileReference; lastKnownFileType = text.plist.xml; path = Info.plist; sourceTree = "<group>"; };
		DFDBA6211D6713BE00D380A4 /* DataSourceProtocol.swift */ = {isa = PBXFileReference; fileEncoding = 4; lastKnownFileType = sourcecode.swift; path = DataSourceProtocol.swift; sourceTree = "<group>"; };
		DFEBDC951D89C13A00500435 /* PopupTransitionManager.swift */ = {isa = PBXFileReference; fileEncoding = 4; lastKnownFileType = sourcecode.swift; path = PopupTransitionManager.swift; sourceTree = "<group>"; };
		DFEBDC961D89C13A00500435 /* PopupPresentationController.swift */ = {isa = PBXFileReference; fileEncoding = 4; lastKnownFileType = sourcecode.swift; path = PopupPresentationController.swift; sourceTree = "<group>"; };
		DFF4C18B1D64759700B472CD /* AppearanceController.swift */ = {isa = PBXFileReference; fileEncoding = 4; lastKnownFileType = sourcecode.swift; path = AppearanceController.swift; sourceTree = "<group>"; };
		DFF4C18D1D64759700B472CD /* AppDelegate.swift */ = {isa = PBXFileReference; fileEncoding = 4; lastKnownFileType = sourcecode.swift; path = AppDelegate.swift; sourceTree = "<group>"; };
		DFF4C1901D64759700B472CD /* Model.xcdatamodel */ = {isa = PBXFileReference; lastKnownFileType = wrapper.xcdatamodel; path = Model.xcdatamodel; sourceTree = "<group>"; };
		DFF4C1931D64759700B472CD /* AppereanceConstants.swift */ = {isa = PBXFileReference; fileEncoding = 4; lastKnownFileType = sourcecode.swift; path = AppereanceConstants.swift; sourceTree = "<group>"; };
		DFF4C1951D64759700B472CD /* UIColor+Hex.swift */ = {isa = PBXFileReference; fileEncoding = 4; lastKnownFileType = sourcecode.swift; path = "UIColor+Hex.swift"; sourceTree = "<group>"; };
		DFF4C1961D64759700B472CD /* UIImage+ImageAsset.swift */ = {isa = PBXFileReference; fileEncoding = 4; lastKnownFileType = sourcecode.swift; path = "UIImage+ImageAsset.swift"; sourceTree = "<group>"; };
		DFF4C1971D64759700B472CD /* With.swift */ = {isa = PBXFileReference; fileEncoding = 4; lastKnownFileType = sourcecode.swift; path = With.swift; sourceTree = "<group>"; };
		DFF4C1991D64759700B472CD /* OverviewViewController.swift */ = {isa = PBXFileReference; fileEncoding = 4; lastKnownFileType = sourcecode.swift; path = OverviewViewController.swift; sourceTree = "<group>"; };
		DFF4C19A1D64759700B472CD /* TabBarController.swift */ = {isa = PBXFileReference; fileEncoding = 4; lastKnownFileType = sourcecode.swift; path = TabBarController.swift; sourceTree = "<group>"; };
		DFF4C19B1D64759700B472CD /* SettingsViewController.swift */ = {isa = PBXFileReference; fileEncoding = 4; lastKnownFileType = sourcecode.swift; path = SettingsViewController.swift; sourceTree = "<group>"; };
		DFF4C1A71D6475A700B472CD /* Debug.xcconfig */ = {isa = PBXFileReference; fileEncoding = 4; lastKnownFileType = text.xcconfig; path = Debug.xcconfig; sourceTree = "<group>"; };
		DFF4C1A81D6475A700B472CD /* Release.xcconfig */ = {isa = PBXFileReference; fileEncoding = 4; lastKnownFileType = text.xcconfig; path = Release.xcconfig; sourceTree = "<group>"; };
		DFF4C1A91D6475A700B472CD /* Testing.xcconfig */ = {isa = PBXFileReference; fileEncoding = 4; lastKnownFileType = text.xcconfig; path = Testing.xcconfig; sourceTree = "<group>"; };
		DFF4C1B31D64763500B472CD /* lato-bold.ttf */ = {isa = PBXFileReference; lastKnownFileType = file; path = "lato-bold.ttf"; sourceTree = "<group>"; };
		DFF4C1B41D64763500B472CD /* lato.ttf */ = {isa = PBXFileReference; lastKnownFileType = file; path = lato.ttf; sourceTree = "<group>"; };
		DFF4C1B81D64790100B472CD /* Base */ = {isa = PBXFileReference; lastKnownFileType = text.plist.strings; name = Base; path = Base.lproj/Localizable.strings; sourceTree = "<group>"; };
		DFF4C1BA1D64791600B472CD /* it */ = {isa = PBXFileReference; lastKnownFileType = text.plist.strings; name = it; path = it.lproj/Localizable.strings; sourceTree = "<group>"; };
		DFF4C1BB1D64792100B472CD /* en */ = {isa = PBXFileReference; lastKnownFileType = text.plist.strings; name = en; path = en.lproj/Localizable.strings; sourceTree = "<group>"; };
/* End PBXFileReference section */

/* Begin PBXFrameworksBuildPhase section */
		DF732EB91C6F9FEF00814635 /* Frameworks */ = {
			isa = PBXFrameworksBuildPhase;
			buildActionMask = 2147483647;
			files = (
			);
			runOnlyForDeploymentPostprocessing = 0;
		};
		DF732ECD1C6F9FEF00814635 /* Frameworks */ = {
			isa = PBXFrameworksBuildPhase;
			buildActionMask = 2147483647;
			files = (
			);
			runOnlyForDeploymentPostprocessing = 0;
		};
/* End PBXFrameworksBuildPhase section */

/* Begin PBXGroup section */
		DF0580D51C6FA4EB0098A7E0 /* Supporting Files */ = {
			isa = PBXGroup;
			children = (
				DF732ECB1C6F9FEF00814635 /* Info.plist */,
				DF6AC6241D64B6AF00C78A4D /* genlocs.swift */,
			);
			name = "Supporting Files";
			path = glucosio;
			sourceTree = "<group>";
		};
		DF2218BF1D9110B6006F4F2B /* Views */ = {
			isa = PBXGroup;
			children = (
				DF2218C01D91120F006F4F2B /* IntrinsicSizedTableView.swift */,
				DF5BD7AD1D935122006750F9 /* SettingsTableViewCell.swift */,
			);
			path = Views;
			sourceTree = "<group>";
		};
		DF2577C11D8082CB004F8439 /* Pickers */ = {
			isa = PBXGroup;
			children = (
				DF44D2AF1D907BFD00785416 /* PickerController.swift */,
				DF2A5B851D9077A700EE49C0 /* TextPickerController.swift */,
				DF2218BD1D910FF1006F4F2B /* ListPickerController.swift */,
			);
			path = Pickers;
			sourceTree = "<group>";
		};
		DF317DFD1D81E204004EB661 /* Utilities */ = {
			isa = PBXGroup;
			children = (
				DFF4C1971D64759700B472CD /* With.swift */,
			);
			path = Utilities;
			sourceTree = "<group>";
		};
		DF317E001D81E300004EB661 /* DataSource */ = {
			isa = PBXGroup;
			children = (
				DF317E011D81E32A004EB661 /* ArrayDataSource.swift */,
			);
			path = DataSource;
			sourceTree = "<group>";
		};
		DF6AC6471D64DAFB00C78A4D /* Protocols */ = {
			isa = PBXGroup;
			children = (
				DFDBA6211D6713BE00D380A4 /* DataSourceProtocol.swift */,
				DF2A5B831D90750C00EE49C0 /* StoryboardInstantiable.swift */,
			);
			path = Protocols;
			sourceTree = "<group>";
		};
		DF732EB31C6F9FEF00814635 = {
			isa = PBXGroup;
			children = (
				DF732EBE1C6F9FEF00814635 /* glucosio */,
				DF0580D51C6FA4EB0098A7E0 /* Supporting Files */,
				DF732ED31C6F9FEF00814635 /* glucosioTests */,
				DF732EBD1C6F9FEF00814635 /* Products */,
			);
			sourceTree = "<group>";
		};
		DF732EBD1C6F9FEF00814635 /* Products */ = {
			isa = PBXGroup;
			children = (
				DF732EBC1C6F9FEF00814635 /* glucosio.app */,
				DF732ED01C6F9FEF00814635 /* glucosioTests.xctest */,
			);
			name = Products;
			sourceTree = "<group>";
		};
		DF732EBE1C6F9FEF00814635 /* glucosio */ = {
			isa = PBXGroup;
			children = (
				DFF4C1A61D6475A700B472CD /* Project Config */,
				DFF4C1881D64734600B472CD /* UI */,
				DF6AC63A1D64C1A100C78A4D /* L10n.swift */,
				DFF4C1B91D64790100B472CD /* Localizable.strings */,
				DFF4C1891D64759700B472CD /* Classes */,
			);
			path = glucosio;
			sourceTree = "<group>";
		};
		DF732ED31C6F9FEF00814635 /* glucosioTests */ = {
			isa = PBXGroup;
			children = (
				DF732ED41C6F9FEF00814635 /* glucosioTests.swift */,
				DF732ED61C6F9FEF00814635 /* Info.plist */,
			);
			path = glucosioTests;
			sourceTree = "<group>";
		};
		DFEBDC941D89C11F00500435 /* PopupPresentationController */ = {
			isa = PBXGroup;
			children = (
				DFEBDC951D89C13A00500435 /* PopupTransitionManager.swift */,
				DFEBDC961D89C13A00500435 /* PopupPresentationController.swift */,
			);
			name = PopupPresentationController;
			sourceTree = "<group>";
		};
		DFF4C1881D64734600B472CD /* UI */ = {
			isa = PBXGroup;
			children = (
				DF732EC31C6F9FEF00814635 /* Main.storyboard */,
				DF732EC81C6F9FEF00814635 /* LaunchScreen.storyboard */,
				DF732EC61C6F9FEF00814635 /* Assets.xcassets */,
				DFF4C1B21D64763500B472CD /* Fonts */,
			);
			name = UI;
			sourceTree = "<group>";
		};
		DFF4C1891D64759700B472CD /* Classes */ = {
			isa = PBXGroup;
			children = (
				DFF4C1911D64759700B472CD /* Others */,
				DFF4C1981D64759700B472CD /* ViewControllers */,
				DF2218BF1D9110B6006F4F2B /* Views */,
				DFF4C18C1D64759700B472CD /* Application */,
				DFF4C18E1D64759700B472CD /* Model */,
			);
			path = Classes;
			sourceTree = "<group>";
		};
		DFF4C18C1D64759700B472CD /* Application */ = {
			isa = PBXGroup;
			children = (
				DFF4C18D1D64759700B472CD /* AppDelegate.swift */,
			);
			path = Application;
			sourceTree = "<group>";
		};
		DFF4C18E1D64759700B472CD /* Model */ = {
			isa = PBXGroup;
			children = (
				DFF4C18F1D64759700B472CD /* Model.xcdatamodeld */,
				DF6AC6401D64D51500C78A4D /* User.swift */,
				DF6AC64A1D64F4AB00C78A4D /* PersistenceController.swift */,
			);
			path = Model;
			sourceTree = "<group>";
		};
		DFF4C1911D64759700B472CD /* Others */ = {
			isa = PBXGroup;
			children = (
				DF317DFD1D81E204004EB661 /* Utilities */,
				DF317E001D81E300004EB661 /* DataSource */,
				DF6AC6471D64DAFB00C78A4D /* Protocols */,
				DFF4C1941D64759700B472CD /* Extensions */,
				DF6AC6421D64D82D00C78A4D /* UnitOfMeasures.swift */,
				DF604C881D7F674B00F97F0C /* GlucoseRange.swift */,
				DF6C3A201D86D924003372EB /* GLUCBarButtonItem.swift */,
				DFF4C18B1D64759700B472CD /* AppearanceController.swift */,
				DFF4C1931D64759700B472CD /* AppereanceConstants.swift */,
			);
			path = Others;
			sourceTree = "<group>";
		};
		DFF4C1941D64759700B472CD /* Extensions */ = {
			isa = PBXGroup;
			children = (
				DFF4C1951D64759700B472CD /* UIColor+Hex.swift */,
				DFF4C1961D64759700B472CD /* UIImage+ImageAsset.swift */,
				DF6AC63E1D64C48D00C78A4D /* String+Localization.swift */,
				DF2A5B7F1D906CE900EE49C0 /* UIStoryboard+GLUCStoryboard.swift */,
				DF2A5B811D9074E800EE49C0 /* UIViewController+StoryboardInstantiable.swift */,
			);
			path = Extensions;
			sourceTree = "<group>";
		};
		DFF4C1981D64759700B472CD /* ViewControllers */ = {
			isa = PBXGroup;
			children = (
				DFEBDC941D89C11F00500435 /* PopupPresentationController */,
				DF2577C11D8082CB004F8439 /* Pickers */,
				DFF4C1991D64759700B472CD /* OverviewViewController.swift */,
				DFF4C19A1D64759700B472CD /* TabBarController.swift */,
				DFF4C19B1D64759700B472CD /* SettingsViewController.swift */,
			);
			path = ViewControllers;
			sourceTree = "<group>";
		};
		DFF4C1A61D6475A700B472CD /* Project Config */ = {
			isa = PBXGroup;
			children = (
				DFF4C1A71D6475A700B472CD /* Debug.xcconfig */,
				DFF4C1A81D6475A700B472CD /* Release.xcconfig */,
				DFF4C1A91D6475A700B472CD /* Testing.xcconfig */,
			);
			path = "Project Config";
			sourceTree = "<group>";
		};
		DFF4C1B21D64763500B472CD /* Fonts */ = {
			isa = PBXGroup;
			children = (
				DFF4C1B31D64763500B472CD /* lato-bold.ttf */,
				DFF4C1B41D64763500B472CD /* lato.ttf */,
			);
			path = Fonts;
			sourceTree = "<group>";
		};
/* End PBXGroup section */

/* Begin PBXNativeTarget section */
		DF732EBB1C6F9FEF00814635 /* glucosio */ = {
			isa = PBXNativeTarget;
			buildConfigurationList = DF732ED91C6F9FEF00814635 /* Build configuration list for PBXNativeTarget "glucosio" */;
			buildPhases = (
				DF732EB81C6F9FEF00814635 /* Sources */,
				DF732EB91C6F9FEF00814635 /* Frameworks */,
				DF732EBA1C6F9FEF00814635 /* Resources */,
				DF0580F71C6FC90B0098A7E0 /* Embed Frameworks */,
			);
			buildRules = (
			);
			dependencies = (
			);
			name = glucosio;
			productName = glucosio;
			productReference = DF732EBC1C6F9FEF00814635 /* glucosio.app */;
			productType = "com.apple.product-type.application";
		};
		DF732ECF1C6F9FEF00814635 /* glucosioTests */ = {
			isa = PBXNativeTarget;
			buildConfigurationList = DF732EDC1C6F9FEF00814635 /* Build configuration list for PBXNativeTarget "glucosioTests" */;
			buildPhases = (
				DF732ECC1C6F9FEF00814635 /* Sources */,
				DF732ECD1C6F9FEF00814635 /* Frameworks */,
				DF732ECE1C6F9FEF00814635 /* Resources */,
			);
			buildRules = (
			);
			dependencies = (
				DF732ED21C6F9FEF00814635 /* PBXTargetDependency */,
			);
			name = glucosioTests;
			productName = glucosioTests;
			productReference = DF732ED01C6F9FEF00814635 /* glucosioTests.xctest */;
			productType = "com.apple.product-type.bundle.unit-test";
		};
/* End PBXNativeTarget section */

/* Begin PBXProject section */
		DF732EB41C6F9FEF00814635 /* Project object */ = {
			isa = PBXProject;
			attributes = {
				LastSwiftUpdateCheck = 0720;
				LastUpgradeCheck = 0800;
				ORGANIZATIONNAME = "Eugenio Baglieri";
				TargetAttributes = {
					DF732EBB1C6F9FEF00814635 = {
						CreatedOnToolsVersion = 7.2.1;
						DevelopmentTeam = A6J677A893;
						LastSwiftMigration = 0800;
					};
					DF732ECF1C6F9FEF00814635 = {
						CreatedOnToolsVersion = 7.2.1;
						LastSwiftMigration = 0800;
						TestTargetID = DF732EBB1C6F9FEF00814635;
					};
				};
			};
			buildConfigurationList = DF732EB71C6F9FEF00814635 /* Build configuration list for PBXProject "glucosio" */;
			compatibilityVersion = "Xcode 3.2";
			developmentRegion = English;
			hasScannedForEncodings = 0;
			knownRegions = (
				en,
				Base,
				it,
			);
			mainGroup = DF732EB31C6F9FEF00814635;
			productRefGroup = DF732EBD1C6F9FEF00814635 /* Products */;
			projectDirPath = "";
			projectRoot = "";
			targets = (
				DF732EBB1C6F9FEF00814635 /* glucosio */,
				DF732ECF1C6F9FEF00814635 /* glucosioTests */,
			);
		};
/* End PBXProject section */

/* Begin PBXResourcesBuildPhase section */
		DF732EBA1C6F9FEF00814635 /* Resources */ = {
			isa = PBXResourcesBuildPhase;
			buildActionMask = 2147483647;
			files = (
				DFF4C1AB1D6475A700B472CD /* Release.xcconfig in Resources */,
				DF732ECA1C6F9FEF00814635 /* LaunchScreen.storyboard in Resources */,
				DFF4C1AA1D6475A700B472CD /* Debug.xcconfig in Resources */,
				DFF4C1B71D64790100B472CD /* Localizable.strings in Resources */,
				DF732EC71C6F9FEF00814635 /* Assets.xcassets in Resources */,
				DF732EC51C6F9FEF00814635 /* Main.storyboard in Resources */,
				DFF4C1AC1D6475A700B472CD /* Testing.xcconfig in Resources */,
				DFF4C1B51D64763500B472CD /* lato-bold.ttf in Resources */,
				DFF4C1B61D64763500B472CD /* lato.ttf in Resources */,
			);
			runOnlyForDeploymentPostprocessing = 0;
		};
		DF732ECE1C6F9FEF00814635 /* Resources */ = {
			isa = PBXResourcesBuildPhase;
			buildActionMask = 2147483647;
			files = (
			);
			runOnlyForDeploymentPostprocessing = 0;
		};
/* End PBXResourcesBuildPhase section */

/* Begin PBXSourcesBuildPhase section */
		DF732EB81C6F9FEF00814635 /* Sources */ = {
			isa = PBXSourcesBuildPhase;
			buildActionMask = 2147483647;
			files = (
				DF6AC6411D64D51500C78A4D /* User.swift in Sources */,
				DFEBDC971D89C13A00500435 /* PopupTransitionManager.swift in Sources */,
				DFF4C1A51D64759700B472CD /* SettingsViewController.swift in Sources */,
				DFF4C19D1D64759700B472CD /* AppDelegate.swift in Sources */,
				DFF4C19F1D64759700B472CD /* AppereanceConstants.swift in Sources */,
				DF44D2B01D907BFD00785416 /* PickerController.swift in Sources */,
				DF6C3A211D86D924003372EB /* GLUCBarButtonItem.swift in Sources */,
				DF2A5B801D906CE900EE49C0 /* UIStoryboard+GLUCStoryboard.swift in Sources */,
				DF6AC63F1D64C48D00C78A4D /* String+Localization.swift in Sources */,
				DF317E021D81E32A004EB661 /* ArrayDataSource.swift in Sources */,
				DFF4C19C1D64759700B472CD /* AppearanceController.swift in Sources */,
				DFF4C1A41D64759700B472CD /* TabBarController.swift in Sources */,
				DF6AC6431D64D82D00C78A4D /* UnitOfMeasures.swift in Sources */,
				DF44D2AE1D907ADA00785416 /* TextPickerController.swift in Sources */,
				DFF4C1A21D64759700B472CD /* With.swift in Sources */,
				DFF4C19E1D64759700B472CD /* Model.xcdatamodeld in Sources */,
				DFEBDC981D89C13A00500435 /* PopupPresentationController.swift in Sources */,
				DFF4C1A31D64759700B472CD /* OverviewViewController.swift in Sources */,
				DF5BD7AE1D935122006750F9 /* SettingsTableViewCell.swift in Sources */,
				DFF4C1A11D64759700B472CD /* UIImage+ImageAsset.swift in Sources */,
				DF604C891D7F674B00F97F0C /* GlucoseRange.swift in Sources */,
				DF6AC63B1D64C1A100C78A4D /* L10n.swift in Sources */,
				DFF4C1A01D64759700B472CD /* UIColor+Hex.swift in Sources */,
				DF2A5B841D90750C00EE49C0 /* StoryboardInstantiable.swift in Sources */,
				DF6AC64B1D64F4AB00C78A4D /* PersistenceController.swift in Sources */,
				DF2A5B821D9074E800EE49C0 /* UIViewController+StoryboardInstantiable.swift in Sources */,
				DF2218BE1D910FF1006F4F2B /* ListPickerController.swift in Sources */,
				DF2218C11D91120F006F4F2B /* IntrinsicSizedTableView.swift in Sources */,
			);
			runOnlyForDeploymentPostprocessing = 0;
		};
		DF732ECC1C6F9FEF00814635 /* Sources */ = {
			isa = PBXSourcesBuildPhase;
			buildActionMask = 2147483647;
			files = (
				DF732ED51C6F9FEF00814635 /* glucosioTests.swift in Sources */,
			);
			runOnlyForDeploymentPostprocessing = 0;
		};
/* End PBXSourcesBuildPhase section */

/* Begin PBXTargetDependency section */
		DF732ED21C6F9FEF00814635 /* PBXTargetDependency */ = {
			isa = PBXTargetDependency;
			target = DF732EBB1C6F9FEF00814635 /* glucosio */;
			targetProxy = DF732ED11C6F9FEF00814635 /* PBXContainerItemProxy */;
		};
/* End PBXTargetDependency section */

/* Begin PBXVariantGroup section */
		DF732EC31C6F9FEF00814635 /* Main.storyboard */ = {
			isa = PBXVariantGroup;
			children = (
				DF732EC41C6F9FEF00814635 /* Base */,
			);
			name = Main.storyboard;
			sourceTree = "<group>";
		};
		DF732EC81C6F9FEF00814635 /* LaunchScreen.storyboard */ = {
			isa = PBXVariantGroup;
			children = (
				DF732EC91C6F9FEF00814635 /* Base */,
			);
			name = LaunchScreen.storyboard;
			sourceTree = "<group>";
		};
		DFF4C1B91D64790100B472CD /* Localizable.strings */ = {
			isa = PBXVariantGroup;
			children = (
				DFF4C1B81D64790100B472CD /* Base */,
				DFF4C1BA1D64791600B472CD /* it */,
				DFF4C1BB1D64792100B472CD /* en */,
			);
			name = Localizable.strings;
			sourceTree = "<group>";
		};
/* End PBXVariantGroup section */

/* Begin XCBuildConfiguration section */
		DF732ED71C6F9FEF00814635 /* Debug */ = {
			isa = XCBuildConfiguration;
			baseConfigurationReference = DFF4C1A71D6475A700B472CD /* Debug.xcconfig */;
			buildSettings = {
				ALWAYS_SEARCH_USER_PATHS = NO;
				CLANG_ANALYZER_LOCALIZABILITY_NONLOCALIZED = YES;
				CLANG_CXX_LANGUAGE_STANDARD = "gnu++0x";
				CLANG_CXX_LIBRARY = "libc++";
				CLANG_ENABLE_MODULES = YES;
				CLANG_ENABLE_OBJC_ARC = YES;
				CLANG_WARN_BOOL_CONVERSION = YES;
				CLANG_WARN_CONSTANT_CONVERSION = YES;
				CLANG_WARN_DIRECT_OBJC_ISA_USAGE = YES_ERROR;
				CLANG_WARN_EMPTY_BODY = YES;
				CLANG_WARN_ENUM_CONVERSION = YES;
				CLANG_WARN_INFINITE_RECURSION = YES;
				CLANG_WARN_INT_CONVERSION = YES;
				CLANG_WARN_OBJC_ROOT_CLASS = YES_ERROR;
				CLANG_WARN_SUSPICIOUS_MOVE = YES;
				CLANG_WARN_UNREACHABLE_CODE = YES;
				CLANG_WARN__DUPLICATE_METHOD_MATCH = YES;
				"CODE_SIGN_IDENTITY[sdk=iphoneos*]" = "iPhone Developer";
				COPY_PHASE_STRIP = NO;
				DEBUG_INFORMATION_FORMAT = dwarf;
				ENABLE_STRICT_OBJC_MSGSEND = YES;
				ENABLE_TESTABILITY = YES;
				GCC_C_LANGUAGE_STANDARD = gnu99;
				GCC_DYNAMIC_NO_PIC = NO;
				GCC_NO_COMMON_BLOCKS = YES;
				GCC_OPTIMIZATION_LEVEL = 0;
				GCC_PREPROCESSOR_DEFINITIONS = (
					"DEBUG=1",
					"$(inherited)",
				);
				GCC_WARN_64_TO_32_BIT_CONVERSION = YES;
				GCC_WARN_ABOUT_RETURN_TYPE = YES_ERROR;
				GCC_WARN_UNDECLARED_SELECTOR = YES;
				GCC_WARN_UNINITIALIZED_AUTOS = YES_AGGRESSIVE;
				GCC_WARN_UNUSED_FUNCTION = YES;
				GCC_WARN_UNUSED_VARIABLE = YES;
				IPHONEOS_DEPLOYMENT_TARGET = 9.0;
				MTL_ENABLE_DEBUG_INFO = YES;
				ONLY_ACTIVE_ARCH = YES;
				SDKROOT = iphoneos;
				SWIFT_OPTIMIZATION_LEVEL = "-Onone";
				TARGETED_DEVICE_FAMILY = "1,2";
			};
			name = Debug;
		};
		DF732ED81C6F9FEF00814635 /* Release */ = {
			isa = XCBuildConfiguration;
			baseConfigurationReference = DFF4C1A81D6475A700B472CD /* Release.xcconfig */;
			buildSettings = {
				ALWAYS_SEARCH_USER_PATHS = NO;
				CLANG_ANALYZER_LOCALIZABILITY_NONLOCALIZED = YES;
				CLANG_CXX_LANGUAGE_STANDARD = "gnu++0x";
				CLANG_CXX_LIBRARY = "libc++";
				CLANG_ENABLE_MODULES = YES;
				CLANG_ENABLE_OBJC_ARC = YES;
				CLANG_WARN_BOOL_CONVERSION = YES;
				CLANG_WARN_CONSTANT_CONVERSION = YES;
				CLANG_WARN_DIRECT_OBJC_ISA_USAGE = YES_ERROR;
				CLANG_WARN_EMPTY_BODY = YES;
				CLANG_WARN_ENUM_CONVERSION = YES;
				CLANG_WARN_INFINITE_RECURSION = YES;
				CLANG_WARN_INT_CONVERSION = YES;
				CLANG_WARN_OBJC_ROOT_CLASS = YES_ERROR;
				CLANG_WARN_SUSPICIOUS_MOVE = YES;
				CLANG_WARN_UNREACHABLE_CODE = YES;
				CLANG_WARN__DUPLICATE_METHOD_MATCH = YES;
				"CODE_SIGN_IDENTITY[sdk=iphoneos*]" = "iPhone Developer";
				COPY_PHASE_STRIP = NO;
				DEBUG_INFORMATION_FORMAT = "dwarf-with-dsym";
				ENABLE_NS_ASSERTIONS = NO;
				ENABLE_STRICT_OBJC_MSGSEND = YES;
				GCC_C_LANGUAGE_STANDARD = gnu99;
				GCC_NO_COMMON_BLOCKS = YES;
				GCC_WARN_64_TO_32_BIT_CONVERSION = YES;
				GCC_WARN_ABOUT_RETURN_TYPE = YES_ERROR;
				GCC_WARN_UNDECLARED_SELECTOR = YES;
				GCC_WARN_UNINITIALIZED_AUTOS = YES_AGGRESSIVE;
				GCC_WARN_UNUSED_FUNCTION = YES;
				GCC_WARN_UNUSED_VARIABLE = YES;
				IPHONEOS_DEPLOYMENT_TARGET = 9.0;
				MTL_ENABLE_DEBUG_INFO = NO;
				SDKROOT = iphoneos;
				TARGETED_DEVICE_FAMILY = "1,2";
				VALIDATE_PRODUCT = YES;
			};
			name = Release;
		};
		DF732EDA1C6F9FEF00814635 /* Debug */ = {
			isa = XCBuildConfiguration;
			buildSettings = {
				ALWAYS_EMBED_SWIFT_STANDARD_LIBRARIES = YES;
				ASSETCATALOG_COMPILER_APPICON_NAME = AppIcon;
				DEVELOPMENT_TEAM = A6J677A893;
				INFOPLIST_FILE = glucosio/Info.plist;
				IPHONEOS_DEPLOYMENT_TARGET = 9.0;
				LD_RUNPATH_SEARCH_PATHS = "$(inherited) @executable_path/Frameworks";
				PRODUCT_BUNDLE_IDENTIFIER = it.eugeniobaglieri.glucosio;
				PRODUCT_NAME = "$(TARGET_NAME)";
				SWIFT_VERSION = 3.0;
				TARGETED_DEVICE_FAMILY = 1;
			};
			name = Debug;
		};
		DF732EDB1C6F9FEF00814635 /* Release */ = {
			isa = XCBuildConfiguration;
			buildSettings = {
				ALWAYS_EMBED_SWIFT_STANDARD_LIBRARIES = YES;
				ASSETCATALOG_COMPILER_APPICON_NAME = AppIcon;
				DEVELOPMENT_TEAM = A6J677A893;
				INFOPLIST_FILE = glucosio/Info.plist;
				IPHONEOS_DEPLOYMENT_TARGET = 9.0;
				LD_RUNPATH_SEARCH_PATHS = "$(inherited) @executable_path/Frameworks";
				PRODUCT_BUNDLE_IDENTIFIER = it.eugeniobaglieri.glucosio;
				PRODUCT_NAME = "$(TARGET_NAME)";
				SWIFT_OPTIMIZATION_LEVEL = "-Owholemodule";
				SWIFT_VERSION = 3.0;
				TARGETED_DEVICE_FAMILY = 1;
			};
			name = Release;
		};
		DF732EDD1C6F9FEF00814635 /* Debug */ = {
			isa = XCBuildConfiguration;
			buildSettings = {
				BUNDLE_LOADER = "$(TEST_HOST)";
				INFOPLIST_FILE = glucosioTests/Info.plist;
				LD_RUNPATH_SEARCH_PATHS = "$(inherited) @executable_path/Frameworks @loader_path/Frameworks";
				PRODUCT_BUNDLE_IDENTIFIER = it.eugeniobaglieri.glucosioTests;
				PRODUCT_NAME = "$(TARGET_NAME)";
				SWIFT_VERSION = 3.0;
				TEST_HOST = "$(BUILT_PRODUCTS_DIR)/glucosio.app/glucosio";
			};
			name = Debug;
		};
		DF732EDE1C6F9FEF00814635 /* Release */ = {
			isa = XCBuildConfiguration;
			buildSettings = {
				BUNDLE_LOADER = "$(TEST_HOST)";
				INFOPLIST_FILE = glucosioTests/Info.plist;
				LD_RUNPATH_SEARCH_PATHS = "$(inherited) @executable_path/Frameworks @loader_path/Frameworks";
				PRODUCT_BUNDLE_IDENTIFIER = it.eugeniobaglieri.glucosioTests;
				PRODUCT_NAME = "$(TARGET_NAME)";
				SWIFT_OPTIMIZATION_LEVEL = "-Owholemodule";
				SWIFT_VERSION = 3.0;
				TEST_HOST = "$(BUILT_PRODUCTS_DIR)/glucosio.app/glucosio";
			};
			name = Release;
		};
/* End XCBuildConfiguration section */

/* Begin XCConfigurationList section */
		DF732EB71C6F9FEF00814635 /* Build configuration list for PBXProject "glucosio" */ = {
			isa = XCConfigurationList;
			buildConfigurations = (
				DF732ED71C6F9FEF00814635 /* Debug */,
				DF732ED81C6F9FEF00814635 /* Release */,
			);
			defaultConfigurationIsVisible = 0;
			defaultConfigurationName = Release;
		};
		DF732ED91C6F9FEF00814635 /* Build configuration list for PBXNativeTarget "glucosio" */ = {
			isa = XCConfigurationList;
			buildConfigurations = (
				DF732EDA1C6F9FEF00814635 /* Debug */,
				DF732EDB1C6F9FEF00814635 /* Release */,
			);
			defaultConfigurationIsVisible = 0;
			defaultConfigurationName = Release;
		};
		DF732EDC1C6F9FEF00814635 /* Build configuration list for PBXNativeTarget "glucosioTests" */ = {
			isa = XCConfigurationList;
			buildConfigurations = (
				DF732EDD1C6F9FEF00814635 /* Debug */,
				DF732EDE1C6F9FEF00814635 /* Release */,
			);
			defaultConfigurationIsVisible = 0;
			defaultConfigurationName = Release;
		};
/* End XCConfigurationList section */

/* Begin XCVersionGroup section */
		DFF4C18F1D64759700B472CD /* Model.xcdatamodeld */ = {
			isa = XCVersionGroup;
			children = (
				DFF4C1901D64759700B472CD /* Model.xcdatamodel */,
			);
			currentVersion = DFF4C1901D64759700B472CD /* Model.xcdatamodel */;
			path = Model.xcdatamodeld;
			sourceTree = "<group>";
			versionGroupType = wrapper.xcdatamodel;
		};
/* End XCVersionGroup section */
	};
	rootObject = DF732EB41C6F9FEF00814635 /* Project object */;
}
