// !$*UTF8*$!
{
	archiveVersion = 1;
	classes = {
	};
	objectVersion = 46;
	objects = {

/* Begin PBXBuildFile section */
		DF732EC01C6F9FEF00814635 /* AppDelegate.swift in Sources */ = {isa = PBXBuildFile; fileRef = DF732EBF1C6F9FEF00814635 /* AppDelegate.swift */; };
		DF732EC21C6F9FEF00814635 /* ViewController.swift in Sources */ = {isa = PBXBuildFile; fileRef = DF732EC11C6F9FEF00814635 /* ViewController.swift */; };
		DF732EC51C6F9FEF00814635 /* Main.storyboard in Resources */ = {isa = PBXBuildFile; fileRef = DF732EC31C6F9FEF00814635 /* Main.storyboard */; };
		DF732EC71C6F9FEF00814635 /* Assets.xcassets in Resources */ = {isa = PBXBuildFile; fileRef = DF732EC61C6F9FEF00814635 /* Assets.xcassets */; };
		DF732ECA1C6F9FEF00814635 /* LaunchScreen.storyboard in Resources */ = {isa = PBXBuildFile; fileRef = DF732EC81C6F9FEF00814635 /* LaunchScreen.storyboard */; };
		DF732ED51C6F9FEF00814635 /* glucosioTests.swift in Sources */ = {isa = PBXBuildFile; fileRef = DF732ED41C6F9FEF00814635 /* glucosioTests.swift */; };
/* End PBXBuildFile section */

/* Begin PBXContainerItemProxy section */
		DF732ED11C6F9FEF00814635 /* PBXContainerItemProxy */ = {
			isa = PBXContainerItemProxy;
			containerPortal = DF732EB41C6F9FEF00814635 /* Project object */;
			proxyType = 1;
			remoteGlobalIDString = DF732EBB1C6F9FEF00814635;
			remoteInfo = glucosio;
		};
/* End PBXContainerItemProxy section */

/* Begin PBXFileReference section */
		DF732EBC1C6F9FEF00814635 /* glucosio.app */ = {isa = PBXFileReference; explicitFileType = wrapper.application; includeInIndex = 0; path = glucosio.app; sourceTree = BUILT_PRODUCTS_DIR; };
		DF732EBF1C6F9FEF00814635 /* AppDelegate.swift */ = {isa = PBXFileReference; lastKnownFileType = sourcecode.swift; path = AppDelegate.swift; sourceTree = "<group>"; };
		DF732EC11C6F9FEF00814635 /* ViewController.swift */ = {isa = PBXFileReference; lastKnownFileType = sourcecode.swift; path = ViewController.swift; sourceTree = "<group>"; };
		DF732EC41C6F9FEF00814635 /* Base */ = {isa = PBXFileReference; lastKnownFileType = file.storyboard; name = Base; path = Base.lproj/Main.storyboard; sourceTree = "<group>"; };
		DF732EC61C6F9FEF00814635 /* Assets.xcassets */ = {isa = PBXFileReference; lastKnownFileType = folder.assetcatalog; path = Assets.xcassets; sourceTree = "<group>"; };
		DF732EC91C6F9FEF00814635 /* Base */ = {isa = PBXFileReference; lastKnownFileType = file.storyboard; name = Base; path = Base.lproj/LaunchScreen.storyboard; sourceTree = "<group>"; };
		DF732ECB1C6F9FEF00814635 /* Info.plist */ = {isa = PBXFileReference; lastKnownFileType = text.plist.xml; path = Info.plist; sourceTree = "<group>"; };
		DF732ED01C6F9FEF00814635 /* glucosioTests.xctest */ = {isa = PBXFileReference; explicitFileType = wrapper.cfbundle; includeInIndex = 0; path = glucosioTests.xctest; sourceTree = BUILT_PRODUCTS_DIR; };
		DF732ED41C6F9FEF00814635 /* glucosioTests.swift */ = {isa = PBXFileReference; lastKnownFileType = sourcecode.swift; path = glucosioTests.swift; sourceTree = "<group>"; };
		DF732ED61C6F9FEF00814635 /* Info.plist */ = {isa = PBXFileReference; lastKnownFileType = text.plist.xml; path = Info.plist; sourceTree = "<group>"; };
/* End PBXFileReference section */

/* Begin PBXFrameworksBuildPhase section */
		DF732EB91C6F9FEF00814635 /* Frameworks */ = {
			isa = PBXFrameworksBuildPhase;
			buildActionMask = 2147483647;
			files = (
			);
			runOnlyForDeploymentPostprocessing = 0;
		};
		DF732ECD1C6F9FEF00814635 /* Frameworks */ = {
			isa = PBXFrameworksBuildPhase;
			buildActionMask = 2147483647;
			files = (
			);
			runOnlyForDeploymentPostprocessing = 0;
		};
/* End PBXFrameworksBuildPhase section */

/* Begin PBXGroup section */
		DF0580D11C6FA2420098A7E0 /* Model */ = {
			isa = PBXGroup;
			children = (
			);
			name = Model;
			sourceTree = "<group>";
		};
		DF0580D21C6FA4CA0098A7E0 /* ViewControllers */ = {
			isa = PBXGroup;
			children = (
			);
			name = ViewControllers;
			sourceTree = "<group>";
		};
		DF0580D31C6FA4D40098A7E0 /* Extensions */ = {
			isa = PBXGroup;
			children = (
			);
			name = Extensions;
			sourceTree = "<group>";
		};
		DF0580D41C6FA4DD0098A7E0 /* Storyboards */ = {
			isa = PBXGroup;
			children = (
				DF732EC81C6F9FEF00814635 /* LaunchScreen.storyboard */,
				DF732EC31C6F9FEF00814635 /* Main.storyboard */,
			);
			name = Storyboards;
			sourceTree = "<group>";
		};
		DF0580D51C6FA4EB0098A7E0 /* Supporting Files */ = {
			isa = PBXGroup;
			children = (
				DF732EC61C6F9FEF00814635 /* Assets.xcassets */,
				DF732ECB1C6F9FEF00814635 /* Info.plist */,
			);
			name = "Supporting Files";
			path = glucosio;
			sourceTree = "<group>";
		};
		DF0580D61C6FA51A0098A7E0 /* Classes */ = {
			isa = PBXGroup;
			children = (
				DF0580D11C6FA2420098A7E0 /* Model */,
				DF0580D21C6FA4CA0098A7E0 /* ViewControllers */,
			);
			name = Classes;
			sourceTree = "<group>";
		};
		DF732EB31C6F9FEF00814635 = {
			isa = PBXGroup;
			children = (
				DF732EBE1C6F9FEF00814635 /* glucosio */,
				DF0580D51C6FA4EB0098A7E0 /* Supporting Files */,
				DF732ED31C6F9FEF00814635 /* glucosioTests */,
				DF732EBD1C6F9FEF00814635 /* Products */,
			);
			sourceTree = "<group>";
		};
		DF732EBD1C6F9FEF00814635 /* Products */ = {
			isa = PBXGroup;
			children = (
				DF732EBC1C6F9FEF00814635 /* glucosio.app */,
				DF732ED01C6F9FEF00814635 /* glucosioTests.xctest */,
			);
			name = Products;
			sourceTree = "<group>";
		};
		DF732EBE1C6F9FEF00814635 /* glucosio */ = {
			isa = PBXGroup;
			children = (
				DF0580D31C6FA4D40098A7E0 /* Extensions */,
				DF0580D61C6FA51A0098A7E0 /* Classes */,
				DF0580D41C6FA4DD0098A7E0 /* Storyboards */,
				DF732EBF1C6F9FEF00814635 /* AppDelegate.swift */,
				DF732EC11C6F9FEF00814635 /* ViewController.swift */,
			);
			path = glucosio;
			sourceTree = "<group>";
		};
		DF732ED31C6F9FEF00814635 /* glucosioTests */ = {
			isa = PBXGroup;
			children = (
				DF732ED41C6F9FEF00814635 /* glucosioTests.swift */,
				DF732ED61C6F9FEF00814635 /* Info.plist */,
			);
			path = glucosioTests;
			sourceTree = "<group>";
		};
/* End PBXGroup section */

/* Begin PBXNativeTarget section */
		DF732EBB1C6F9FEF00814635 /* glucosio */ = {
			isa = PBXNativeTarget;
			buildConfigurationList = DF732ED91C6F9FEF00814635 /* Build configuration list for PBXNativeTarget "glucosio" */;
			buildPhases = (
				DF732EB81C6F9FEF00814635 /* Sources */,
				DF732EB91C6F9FEF00814635 /* Frameworks */,
				DF732EBA1C6F9FEF00814635 /* Resources */,
			);
			buildRules = (
			);
			dependencies = (
			);
			name = glucosio;
			productName = glucosio;
			productReference = DF732EBC1C6F9FEF00814635 /* glucosio.app */;
			productType = "com.apple.product-type.application";
		};
		DF732ECF1C6F9FEF00814635 /* glucosioTests */ = {
			isa = PBXNativeTarget;
			buildConfigurationList = DF732EDC1C6F9FEF00814635 /* Build configuration list for PBXNativeTarget "glucosioTests" */;
			buildPhases = (
				DF732ECC1C6F9FEF00814635 /* Sources */,
				DF732ECD1C6F9FEF00814635 /* Frameworks */,
				DF732ECE1C6F9FEF00814635 /* Resources */,
			);
			buildRules = (
			);
			dependencies = (
				DF732ED21C6F9FEF00814635 /* PBXTargetDependency */,
			);
			name = glucosioTests;
			productName = glucosioTests;
			productReference = DF732ED01C6F9FEF00814635 /* glucosioTests.xctest */;
			productType = "com.apple.product-type.bundle.unit-test";
		};
/* End PBXNativeTarget section */

/* Begin PBXProject section */
		DF732EB41C6F9FEF00814635 /* Project object */ = {
			isa = PBXProject;
			attributes = {
				LastSwiftUpdateCheck = 0720;
				LastUpgradeCheck = 0720;
				ORGANIZATIONNAME = "Eugenio Baglieri";
				TargetAttributes = {
					DF732EBB1C6F9FEF00814635 = {
						CreatedOnToolsVersion = 7.2.1;
					};
					DF732ECF1C6F9FEF00814635 = {
						CreatedOnToolsVersion = 7.2.1;
						TestTargetID = DF732EBB1C6F9FEF00814635;
					};
				};
			};
			buildConfigurationList = DF732EB71C6F9FEF00814635 /* Build configuration list for PBXProject "glucosio" */;
			compatibilityVersion = "Xcode 3.2";
			developmentRegion = English;
			hasScannedForEncodings = 0;
			knownRegions = (
				en,
				Base,
			);
			mainGroup = DF732EB31C6F9FEF00814635;
			productRefGroup = DF732EBD1C6F9FEF00814635 /* Products */;
			projectDirPath = "";
			projectRoot = "";
			targets = (
				DF732EBB1C6F9FEF00814635 /* glucosio */,
				DF732ECF1C6F9FEF00814635 /* glucosioTests */,
			);
		};
/* End PBXProject section */

/* Begin PBXResourcesBuildPhase section */
		DF732EBA1C6F9FEF00814635 /* Resources */ = {
			isa = PBXResourcesBuildPhase;
			buildActionMask = 2147483647;
			files = (
				DF732ECA1C6F9FEF00814635 /* LaunchScreen.storyboard in Resources */,
				DF732EC71C6F9FEF00814635 /* Assets.xcassets in Resources */,
				DF732EC51C6F9FEF00814635 /* Main.storyboard in Resources */,
			);
			runOnlyForDeploymentPostprocessing = 0;
		};
		DF732ECE1C6F9FEF00814635 /* Resources */ = {
			isa = PBXResourcesBuildPhase;
			buildActionMask = 2147483647;
			files = (
			);
			runOnlyForDeploymentPostprocessing = 0;
		};
/* End PBXResourcesBuildPhase section */

/* Begin PBXSourcesBuildPhase section */
		DF732EB81C6F9FEF00814635 /* Sources */ = {
			isa = PBXSourcesBuildPhase;
			buildActionMask = 2147483647;
			files = (
				DF732EC21C6F9FEF00814635 /* ViewController.swift in Sources */,
				DF732EC01C6F9FEF00814635 /* AppDelegate.swift in Sources */,
			);
			runOnlyForDeploymentPostprocessing = 0;
		};
		DF732ECC1C6F9FEF00814635 /* Sources */ = {
			isa = PBXSourcesBuildPhase;
			buildActionMask = 2147483647;
			files = (
				DF732ED51C6F9FEF00814635 /* glucosioTests.swift in Sources */,
			);
			runOnlyForDeploymentPostprocessing = 0;
		};
/* End PBXSourcesBuildPhase section */

/* Begin PBXTargetDependency section */
		DF732ED21C6F9FEF00814635 /* PBXTargetDependency */ = {
			isa = PBXTargetDependency;
			target = DF732EBB1C6F9FEF00814635 /* glucosio */;
			targetProxy = DF732ED11C6F9FEF00814635 /* PBXContainerItemProxy */;
		};
/* End PBXTargetDependency section */

/* Begin PBXVariantGroup section */
		DF732EC31C6F9FEF00814635 /* Main.storyboard */ = {
			isa = PBXVariantGroup;
			children = (
				DF732EC41C6F9FEF00814635 /* Base */,
			);
			name = Main.storyboard;
			sourceTree = "<group>";
		};
		DF732EC81C6F9FEF00814635 /* LaunchScreen.storyboard */ = {
			isa = PBXVariantGroup;
			children = (
				DF732EC91C6F9FEF00814635 /* Base */,
			);
			name = LaunchScreen.storyboard;
			sourceTree = "<group>";
		};
/* End PBXVariantGroup section */

/* Begin XCBuildConfiguration section */
		DF732ED71C6F9FEF00814635 /* Debug */ = {
			isa = XCBuildConfiguration;
			buildSettings = {
				ALWAYS_SEARCH_USER_PATHS = NO;
				CLANG_CXX_LANGUAGE_STANDARD = "gnu++0x";
				CLANG_CXX_LIBRARY = "libc++";
				CLANG_ENABLE_MODULES = YES;
				CLANG_ENABLE_OBJC_ARC = YES;
				CLANG_WARN_BOOL_CONVERSION = YES;
				CLANG_WARN_CONSTANT_CONVERSION = YES;
				CLANG_WARN_DIRECT_OBJC_ISA_USAGE = YES_ERROR;
				CLANG_WARN_EMPTY_BODY = YES;
				CLANG_WARN_ENUM_CONVERSION = YES;
				CLANG_WARN_INT_CONVERSION = YES;
				CLANG_WARN_OBJC_ROOT_CLASS = YES_ERROR;
				CLANG_WARN_UNREACHABLE_CODE = YES;
				CLANG_WARN__DUPLICATE_METHOD_MATCH = YES;
				"CODE_SIGN_IDENTITY[sdk=iphoneos*]" = "iPhone Developer";
				COPY_PHASE_STRIP = NO;
				DEBUG_INFORMATION_FORMAT = dwarf;
				ENABLE_STRICT_OBJC_MSGSEND = YES;
				ENABLE_TESTABILITY = YES;
				GCC_C_LANGUAGE_STANDARD = gnu99;
				GCC_DYNAMIC_NO_PIC = NO;
				GCC_NO_COMMON_BLOCKS = YES;
				GCC_OPTIMIZATION_LEVEL = 0;
				GCC_PREPROCESSOR_DEFINITIONS = (
					"DEBUG=1",
					"$(inherited)",
				);
				GCC_WARN_64_TO_32_BIT_CONVERSION = YES;
				GCC_WARN_ABOUT_RETURN_TYPE = YES_ERROR;
				GCC_WARN_UNDECLARED_SELECTOR = YES;
				GCC_WARN_UNINITIALIZED_AUTOS = YES_AGGRESSIVE;
				GCC_WARN_UNUSED_FUNCTION = YES;
				GCC_WARN_UNUSED_VARIABLE = YES;
				IPHONEOS_DEPLOYMENT_TARGET = 9.2;
				MTL_ENABLE_DEBUG_INFO = YES;
				ONLY_ACTIVE_ARCH = YES;
				SDKROOT = iphoneos;
				SWIFT_OPTIMIZATION_LEVEL = "-Onone";
				TARGETED_DEVICE_FAMILY = "1,2";
			};
			name = Debug;
		};
		DF732ED81C6F9FEF00814635 /* Release */ = {
			isa = XCBuildConfiguration;
			buildSettings = {
				ALWAYS_SEARCH_USER_PATHS = NO;
				CLANG_CXX_LANGUAGE_STANDARD = "gnu++0x";
				CLANG_CXX_LIBRARY = "libc++";
				CLANG_ENABLE_MODULES = YES;
				CLANG_ENABLE_OBJC_ARC = YES;
				CLANG_WARN_BOOL_CONVERSION = YES;
				CLANG_WARN_CONSTANT_CONVERSION = YES;
				CLANG_WARN_DIRECT_OBJC_ISA_USAGE = YES_ERROR;
				CLANG_WARN_EMPTY_BODY = YES;
				CLANG_WARN_ENUM_CONVERSION = YES;
				CLANG_WARN_INT_CONVERSION = YES;
				CLANG_WARN_OBJC_ROOT_CLASS = YES_ERROR;
				CLANG_WARN_UNREACHABLE_CODE = YES;
				CLANG_WARN__DUPLICATE_METHOD_MATCH = YES;
				"CODE_SIGN_IDENTITY[sdk=iphoneos*]" = "iPhone Developer";
				COPY_PHASE_STRIP = NO;
				DEBUG_INFORMATION_FORMAT = "dwarf-with-dsym";
				ENABLE_NS_ASSERTIONS = NO;
				ENABLE_STRICT_OBJC_MSGSEND = YES;
				GCC_C_LANGUAGE_STANDARD = gnu99;
				GCC_NO_COMMON_BLOCKS = YES;
				GCC_WARN_64_TO_32_BIT_CONVERSION = YES;
				GCC_WARN_ABOUT_RETURN_TYPE = YES_ERROR;
				GCC_WARN_UNDECLARED_SELECTOR = YES;
				GCC_WARN_UNINITIALIZED_AUTOS = YES_AGGRESSIVE;
				GCC_WARN_UNUSED_FUNCTION = YES;
				GCC_WARN_UNUSED_VARIABLE = YES;
				IPHONEOS_DEPLOYMENT_TARGET = 9.2;
				MTL_ENABLE_DEBUG_INFO = NO;
				SDKROOT = iphoneos;
				TARGETED_DEVICE_FAMILY = "1,2";
				VALIDATE_PRODUCT = YES;
			};
			name = Release;
		};
		DF732EDA1C6F9FEF00814635 /* Debug */ = {
			isa = XCBuildConfiguration;
			buildSettings = {
				ASSETCATALOG_COMPILER_APPICON_NAME = AppIcon;
				INFOPLIST_FILE = glucosio/Info.plist;
				IPHONEOS_DEPLOYMENT_TARGET = 9.0;
				LD_RUNPATH_SEARCH_PATHS = "$(inherited) @executable_path/Frameworks";
				PRODUCT_BUNDLE_IDENTIFIER = it.eugeniobaglieri.glucosio;
				PRODUCT_NAME = "$(TARGET_NAME)";
			};
			name = Debug;
		};
		DF732EDB1C6F9FEF00814635 /* Release */ = {
			isa = XCBuildConfiguration;
			buildSettings = {
				ASSETCATALOG_COMPILER_APPICON_NAME = AppIcon;
				INFOPLIST_FILE = glucosio/Info.plist;
				IPHONEOS_DEPLOYMENT_TARGET = 9.0;
				LD_RUNPATH_SEARCH_PATHS = "$(inherited) @executable_path/Frameworks";
				PRODUCT_BUNDLE_IDENTIFIER = it.eugeniobaglieri.glucosio;
				PRODUCT_NAME = "$(TARGET_NAME)";
			};
			name = Release;
		};
		DF732EDD1C6F9FEF00814635 /* Debug */ = {
			isa = XCBuildConfiguration;
			buildSettings = {
				BUNDLE_LOADER = "$(TEST_HOST)";
				INFOPLIST_FILE = glucosioTests/Info.plist;
				LD_RUNPATH_SEARCH_PATHS = "$(inherited) @executable_path/Frameworks @loader_path/Frameworks";
				PRODUCT_BUNDLE_IDENTIFIER = it.eugeniobaglieri.glucosioTests;
				PRODUCT_NAME = "$(TARGET_NAME)";
				TEST_HOST = "$(BUILT_PRODUCTS_DIR)/glucosio.app/glucosio";
			};
			name = Debug;
		};
		DF732EDE1C6F9FEF00814635 /* Release */ = {
			isa = XCBuildConfiguration;
			buildSettings = {
				BUNDLE_LOADER = "$(TEST_HOST)";
				INFOPLIST_FILE = glucosioTests/Info.plist;
				LD_RUNPATH_SEARCH_PATHS = "$(inherited) @executable_path/Frameworks @loader_path/Frameworks";
				PRODUCT_BUNDLE_IDENTIFIER = it.eugeniobaglieri.glucosioTests;
				PRODUCT_NAME = "$(TARGET_NAME)";
				TEST_HOST = "$(BUILT_PRODUCTS_DIR)/glucosio.app/glucosio";
			};
			name = Release;
		};
/* End XCBuildConfiguration section */

/* Begin XCConfigurationList section */
		DF732EB71C6F9FEF00814635 /* Build configuration list for PBXProject "glucosio" */ = {
			isa = XCConfigurationList;
			buildConfigurations = (
				DF732ED71C6F9FEF00814635 /* Debug */,
				DF732ED81C6F9FEF00814635 /* Release */,
			);
			defaultConfigurationIsVisible = 0;
			defaultConfigurationName = Release;
		};
		DF732ED91C6F9FEF00814635 /* Build configuration list for PBXNativeTarget "glucosio" */ = {
			isa = XCConfigurationList;
			buildConfigurations = (
				DF732EDA1C6F9FEF00814635 /* Debug */,
				DF732EDB1C6F9FEF00814635 /* Release */,
			);
			defaultConfigurationIsVisible = 0;
			defaultConfigurationName = Release;
		};
		DF732EDC1C6F9FEF00814635 /* Build configuration list for PBXNativeTarget "glucosioTests" */ = {
			isa = XCConfigurationList;
			buildConfigurations = (
				DF732EDD1C6F9FEF00814635 /* Debug */,
				DF732EDE1C6F9FEF00814635 /* Release */,
			);
			defaultConfigurationIsVisible = 0;
			defaultConfigurationName = Release;
		};
/* End XCConfigurationList section */
	};
	rootObject = DF732EB41C6F9FEF00814635 /* Project object */;
}
